
Microsoft Visual Studio Solution File, Format Version 12.00
# Visual Studio Version 16
VisualStudioVersion = 16.0.29924.181
MinimumVisualStudioVersion = 10.0.40219.1
Project("{9A19103F-16F7-4668-BE54-9A1E7A4F7556}") = "PdfToWordConsole", "PdfToWordConsole\PdfToWordConsole.csproj", "{7FE6D289-CCC2-4918-844C-56B544FB657A}"
EndProject
Project("{2150E333-8FDC-42A3-9474-1A3956D46DE8}") = "PdfToWord", "PdfToWord", "{CF4D8899-EBF1-470C-9110-941D6E230DDF}"
EndProject
Global
	GlobalSection(SolutionConfigurationPlatforms) = preSolution
		Debug|Any CPU = Debug|Any CPU
		Release|Any CPU = Release|Any CPU
	EndGlobalSection
	GlobalSection(ProjectConfigurationPlatforms) = postSolution
		{7FE6D289-CCC2-4918-844C-56B544FB657A}.Debug|Any CPU.ActiveCfg = Debug|Any CPU
		{7FE6D289-CCC2-4918-844C-56B544FB657A}.Debug|Any CPU.Build.0 = Debug|Any CPU
		{7FE6D289-CCC2-4918-844C-56B544FB657A}.Release|Any CPU.ActiveCfg = Release|Any CPU
		{7FE6D289-CCC2-4918-844C-56B544FB657A}.Release|Any CPU.Build.0 = Release|Any CPU
	EndGlobalSection
	GlobalSection(SolutionProperties) = preSolution
		HideSolutionNode = FALSE
	EndGlobalSection
	GlobalSection(NestedProjects) = preSolution
		{7FE6D289-CCC2-4918-844C-56B544FB657A} = {CF4D8899-EBF1-470C-9110-941D6E230DDF}
	EndGlobalSection
	GlobalSection(ExtensibilityGlobals) = postSolution
		SolutionGuid = {CE41C917-9CC2-4081-A769-6C83E212EE71}
	EndGlobalSection
EndGlobal
